
Microsoft Visual Studio Solution File, Format Version 12.00
# Visual Studio Version 17
VisualStudioVersion = 17.5.33530.505
MinimumVisualStudioVersion = 10.0.40219.1
Project("{FAE04EC0-301F-11D3-BF4B-00C04F79EFBC}") = "PrjSalarioFuncionario", "PrjSalarioFuncionario\PrjSalarioFuncionario.csproj", "{CA6D243D-CC19-4B34-AF4A-7E3FC689DA50}"
EndProject
Global
	GlobalSection(SolutionConfigurationPlatforms) = preSolution
		Debug|Any CPU = Debug|Any CPU
		Release|Any CPU = Release|Any CPU
	EndGlobalSection
	GlobalSection(ProjectConfigurationPlatforms) = postSolution
		{CA6D243D-CC19-4B34-AF4A-7E3FC689DA50}.Debug|Any CPU.ActiveCfg = Debug|Any CPU
		{CA6D243D-CC19-4B34-AF4A-7E3FC689DA50}.Debug|Any CPU.Build.0 = Debug|Any CPU
		{CA6D243D-CC19-4B34-AF4A-7E3FC689DA50}.Release|Any CPU.ActiveCfg = Release|Any CPU
		{CA6D243D-CC19-4B34-AF4A-7E3FC689DA50}.Release|Any CPU.Build.0 = Release|Any CPU
	EndGlobalSection
	GlobalSection(SolutionProperties) = preSolution
		HideSolutionNode = FALSE
	EndGlobalSection
	GlobalSection(ExtensibilityGlobals) = postSolution
		SolutionGuid = {D343FF92-1153-4DB1-91FD-EA30D74F022C}
	EndGlobalSection
EndGlobal
